
Microsoft Visual Studio Solution File, Format Version 12.00
# Visual Studio Version 17
VisualStudioVersion = 17.6.33829.357
MinimumVisualStudioVersion = 10.0.40219.1
Project("{FAE04EC0-301F-11D3-BF4B-00C04F79EFBC}") = "EXERCICIO5", "EXERCICIO5\EXERCICIO5.csproj", "{D84F0F8D-E9CF-480A-92DA-D863E34F4786}"
EndProject
Global
	GlobalSection(SolutionConfigurationPlatforms) = preSolution
		Debug|Any CPU = Debug|Any CPU
		Release|Any CPU = Release|Any CPU
	EndGlobalSection
	GlobalSection(ProjectConfigurationPlatforms) = postSolution
		{D84F0F8D-E9CF-480A-92DA-D863E34F4786}.Debug|Any CPU.ActiveCfg = Debug|Any CPU
		{D84F0F8D-E9CF-480A-92DA-D863E34F4786}.Debug|Any CPU.Build.0 = Debug|Any CPU
		{D84F0F8D-E9CF-480A-92DA-D863E34F4786}.Release|Any CPU.ActiveCfg = Release|Any CPU
		{D84F0F8D-E9CF-480A-92DA-D863E34F4786}.Release|Any CPU.Build.0 = Release|Any CPU
	EndGlobalSection
	GlobalSection(SolutionProperties) = preSolution
		HideSolutionNode = FALSE
	EndGlobalSection
	GlobalSection(ExtensibilityGlobals) = postSolution
		SolutionGuid = {77FD99AC-5CDA-49D2-AA51-DFECC25A1D39}
	EndGlobalSection
EndGlobal
